
Microsoft Visual Studio Solution File, Format Version 12.00
# Visual Studio 15
VisualStudioVersion = 15.0.28307.572
MinimumVisualStudioVersion = 10.0.40219.1
Project("{FAE04EC0-301F-11D3-BF4B-00C04F79EFBC}") = "ImageRedactor.Android", "ImageRedactor\ImageRedactor.Android\ImageRedactor.Android.csproj", "{9C62A02D-0468-496B-841E-CEB1357BE8E8}"
EndProject
Project("{FAE04EC0-301F-11D3-BF4B-00C04F79EFBC}") = "ImageRedactor.iOS", "ImageRedactor\ImageRedactor.iOS\ImageRedactor.iOS.csproj", "{E35B7927-DF66-49DB-BA28-4CD9CA64997D}"
EndProject
Project("{FAE04EC0-301F-11D3-BF4B-00C04F79EFBC}") = "ImageRedactor", "ImageRedactor\ImageRedactor\ImageRedactor.csproj", "{22E52CAD-B1A2-4F17-BA8C-8AE9206F0999}"
EndProject
Global
	GlobalSection(SolutionConfigurationPlatforms) = preSolution
		Ad-Hoc|Any CPU = Ad-Hoc|Any CPU
		Ad-Hoc|iPhone = Ad-Hoc|iPhone
		Ad-Hoc|iPhoneSimulator = Ad-Hoc|iPhoneSimulator
		AppStore|Any CPU = AppStore|Any CPU
		AppStore|iPhone = AppStore|iPhone
		AppStore|iPhoneSimulator = AppStore|iPhoneSimulator
		Debug|Any CPU = Debug|Any CPU
		Debug|iPhone = Debug|iPhone
		Debug|iPhoneSimulator = Debug|iPhoneSimulator
		Release|Any CPU = Release|Any CPU
		Release|iPhone = Release|iPhone
		Release|iPhoneSimulator = Release|iPhoneSimulator
	EndGlobalSection
	GlobalSection(ProjectConfigurationPlatforms) = postSolution
		{9C62A02D-0468-496B-841E-CEB1357BE8E8}.Ad-Hoc|Any CPU.ActiveCfg = Release|Any CPU
		{9C62A02D-0468-496B-841E-CEB1357BE8E8}.Ad-Hoc|Any CPU.Build.0 = Release|Any CPU
		{9C62A02D-0468-496B-841E-CEB1357BE8E8}.Ad-Hoc|Any CPU.Deploy.0 = Release|Any CPU
		{9C62A02D-0468-496B-841E-CEB1357BE8E8}.Ad-Hoc|iPhone.ActiveCfg = Release|Any CPU
		{9C62A02D-0468-496B-841E-CEB1357BE8E8}.Ad-Hoc|iPhone.Build.0 = Release|Any CPU
		{9C62A02D-0468-496B-841E-CEB1357BE8E8}.Ad-Hoc|iPhone.Deploy.0 = Release|Any CPU
		{9C62A02D-0468-496B-841E-CEB1357BE8E8}.Ad-Hoc|iPhoneSimulator.ActiveCfg = Release|Any CPU
		{9C62A02D-0468-496B-841E-CEB1357BE8E8}.Ad-Hoc|iPhoneSimulator.Build.0 = Release|Any CPU
		{9C62A02D-0468-496B-841E-CEB1357BE8E8}.Ad-Hoc|iPhoneSimulator.Deploy.0 = Release|Any CPU
		{9C62A02D-0468-496B-841E-CEB1357BE8E8}.AppStore|Any CPU.ActiveCfg = Release|Any CPU
		{9C62A02D-0468-496B-841E-CEB1357BE8E8}.AppStore|Any CPU.Build.0 = Release|Any CPU
		{9C62A02D-0468-496B-841E-CEB1357BE8E8}.AppStore|Any CPU.Deploy.0 = Release|Any CPU
		{9C62A02D-0468-496B-841E-CEB1357BE8E8}.AppStore|iPhone.ActiveCfg = Release|Any CPU
		{9C62A02D-0468-496B-841E-CEB1357BE8E8}.AppStore|iPhone.Build.0 = Release|Any CPU
		{9C62A02D-0468-496B-841E-CEB1357BE8E8}.AppStore|iPhone.Deploy.0 = Release|Any CPU
		{9C62A02D-0468-496B-841E-CEB1357BE8E8}.AppStore|iPhoneSimulator.ActiveCfg = Release|Any CPU
		{9C62A02D-0468-496B-841E-CEB1357BE8E8}.AppStore|iPhoneSimulator.Build.0 = Release|Any CPU
		{9C62A02D-0468-496B-841E-CEB1357BE8E8}.AppStore|iPhoneSimulator.Deploy.0 = Release|Any CPU
		{9C62A02D-0468-496B-841E-CEB1357BE8E8}.Debug|Any CPU.ActiveCfg = Debug|Any CPU
		{9C62A02D-0468-496B-841E-CEB1357BE8E8}.Debug|Any CPU.Build.0 = Debug|Any CPU
		{9C62A02D-0468-496B-841E-CEB1357BE8E8}.Debug|Any CPU.Deploy.0 = Debug|Any CPU
		{9C62A02D-0468-496B-841E-CEB1357BE8E8}.Debug|iPhone.ActiveCfg = Debug|Any CPU
		{9C62A02D-0468-496B-841E-CEB1357BE8E8}.Debug|iPhone.Build.0 = Debug|Any CPU
		{9C62A02D-0468-496B-841E-CEB1357BE8E8}.Debug|iPhone.Deploy.0 = Debug|Any CPU
		{9C62A02D-0468-496B-841E-CEB1357BE8E8}.Debug|iPhoneSimulator.ActiveCfg = Debug|Any CPU
		{9C62A02D-0468-496B-841E-CEB1357BE8E8}.Debug|iPhoneSimulator.Build.0 = Debug|Any CPU
		{9C62A02D-0468-496B-841E-CEB1357BE8E8}.Debug|iPhoneSimulator.Deploy.0 = Debug|Any CPU
		{9C62A02D-0468-496B-841E-CEB1357BE8E8}.Release|Any CPU.ActiveCfg = Release|Any CPU
		{9C62A02D-0468-496B-841E-CEB1357BE8E8}.Release|Any CPU.Build.0 = Release|Any CPU
		{9C62A02D-0468-496B-841E-CEB1357BE8E8}.Release|Any CPU.Deploy.0 = Release|Any CPU
		{9C62A02D-0468-496B-841E-CEB1357BE8E8}.Release|iPhone.ActiveCfg = Release|Any CPU
		{9C62A02D-0468-496B-841E-CEB1357BE8E8}.Release|iPhone.Build.0 = Release|Any CPU
		{9C62A02D-0468-496B-841E-CEB1357BE8E8}.Release|iPhone.Deploy.0 = Release|Any CPU
		{9C62A02D-0468-496B-841E-CEB1357BE8E8}.Release|iPhoneSimulator.ActiveCfg = Release|Any CPU
		{9C62A02D-0468-496B-841E-CEB1357BE8E8}.Release|iPhoneSimulator.Build.0 = Release|Any CPU
		{9C62A02D-0468-496B-841E-CEB1357BE8E8}.Release|iPhoneSimulator.Deploy.0 = Release|Any CPU
		{E35B7927-DF66-49DB-BA28-4CD9CA64997D}.Ad-Hoc|Any CPU.ActiveCfg = Ad-Hoc|iPhone
		{E35B7927-DF66-49DB-BA28-4CD9CA64997D}.Ad-Hoc|Any CPU.Build.0 = Ad-Hoc|iPhone
		{E35B7927-DF66-49DB-BA28-4CD9CA64997D}.Ad-Hoc|Any CPU.Deploy.0 = Ad-Hoc|iPhone
		{E35B7927-DF66-49DB-BA28-4CD9CA64997D}.Ad-Hoc|iPhone.ActiveCfg = Ad-Hoc|iPhone
		{E35B7927-DF66-49DB-BA28-4CD9CA64997D}.Ad-Hoc|iPhone.Build.0 = Ad-Hoc|iPhone
		{E35B7927-DF66-49DB-BA28-4CD9CA64997D}.Ad-Hoc|iPhone.Deploy.0 = Ad-Hoc|iPhone
		{E35B7927-DF66-49DB-BA28-4CD9CA64997D}.Ad-Hoc|iPhoneSimulator.ActiveCfg = Ad-Hoc|iPhoneSimulator
		{E35B7927-DF66-49DB-BA28-4CD9CA64997D}.Ad-Hoc|iPhoneSimulator.Build.0 = Ad-Hoc|iPhoneSimulator
		{E35B7927-DF66-49DB-BA28-4CD9CA64997D}.Ad-Hoc|iPhoneSimulator.Deploy.0 = Ad-Hoc|iPhoneSimulator
		{E35B7927-DF66-49DB-BA28-4CD9CA64997D}.AppStore|Any CPU.ActiveCfg = AppStore|iPhone
		{E35B7927-DF66-49DB-BA28-4CD9CA64997D}.AppStore|Any CPU.Build.0 = AppStore|iPhone
		{E35B7927-DF66-49DB-BA28-4CD9CA64997D}.AppStore|Any CPU.Deploy.0 = AppStore|iPhone
		{E35B7927-DF66-49DB-BA28-4CD9CA64997D}.AppStore|iPhone.ActiveCfg = AppStore|iPhone
		{E35B7927-DF66-49DB-BA28-4CD9CA64997D}.AppStore|iPhone.Build.0 = AppStore|iPhone
		{E35B7927-DF66-49DB-BA28-4CD9CA64997D}.AppStore|iPhone.Deploy.0 = AppStore|iPhone
		{E35B7927-DF66-49DB-BA28-4CD9CA64997D}.AppStore|iPhoneSimulator.ActiveCfg = AppStore|iPhoneSimulator
		{E35B7927-DF66-49DB-BA28-4CD9CA64997D}.AppStore|iPhoneSimulator.Build.0 = AppStore|iPhoneSimulator
		{E35B7927-DF66-49DB-BA28-4CD9CA64997D}.AppStore|iPhoneSimulator.Deploy.0 = AppStore|iPhoneSimulator
		{E35B7927-DF66-49DB-BA28-4CD9CA64997D}.Debug|Any CPU.ActiveCfg = Debug|iPhoneSimulator
		{E35B7927-DF66-49DB-BA28-4CD9CA64997D}.Debug|Any CPU.Build.0 = Debug|iPhoneSimulator
		{E35B7927-DF66-49DB-BA28-4CD9CA64997D}.Debug|Any CPU.Deploy.0 = Debug|iPhoneSimulator
		{E35B7927-DF66-49DB-BA28-4CD9CA64997D}.Debug|iPhone.ActiveCfg = Debug|iPhone
		{E35B7927-DF66-49DB-BA28-4CD9CA64997D}.Debug|iPhone.Build.0 = Debug|iPhone
		{E35B7927-DF66-49DB-BA28-4CD9CA64997D}.Debug|iPhone.Deploy.0 = Debug|iPhone
		{E35B7927-DF66-49DB-BA28-4CD9CA64997D}.Debug|iPhoneSimulator.ActiveCfg = Debug|iPhoneSimulator
		{E35B7927-DF66-49DB-BA28-4CD9CA64997D}.Debug|iPhoneSimulator.Build.0 = Debug|iPhoneSimulator
		{E35B7927-DF66-49DB-BA28-4CD9CA64997D}.Debug|iPhoneSimulator.Deploy.0 = Debug|iPhoneSimulator
		{E35B7927-DF66-49DB-BA28-4CD9CA64997D}.Release|Any CPU.ActiveCfg = Release|iPhone
		{E35B7927-DF66-49DB-BA28-4CD9CA64997D}.Release|Any CPU.Build.0 = Release|iPhone
		{E35B7927-DF66-49DB-BA28-4CD9CA64997D}.Release|Any CPU.Deploy.0 = Release|iPhone
		{E35B7927-DF66-49DB-BA28-4CD9CA64997D}.Release|iPhone.ActiveCfg = Release|iPhone
		{E35B7927-DF66-49DB-BA28-4CD9CA64997D}.Release|iPhone.Build.0 = Release|iPhone
		{E35B7927-DF66-49DB-BA28-4CD9CA64997D}.Release|iPhone.Deploy.0 = Release|iPhone
		{E35B7927-DF66-49DB-BA28-4CD9CA64997D}.Release|iPhoneSimulator.ActiveCfg = Release|iPhoneSimulator
		{E35B7927-DF66-49DB-BA28-4CD9CA64997D}.Release|iPhoneSimulator.Build.0 = Release|iPhoneSimulator
		{E35B7927-DF66-49DB-BA28-4CD9CA64997D}.Release|iPhoneSimulator.Deploy.0 = Release|iPhoneSimulator
		{22E52CAD-B1A2-4F17-BA8C-8AE9206F0999}.Ad-Hoc|Any CPU.ActiveCfg = Debug|Any CPU
		{22E52CAD-B1A2-4F17-BA8C-8AE9206F0999}.Ad-Hoc|Any CPU.Build.0 = Debug|Any CPU
		{22E52CAD-B1A2-4F17-BA8C-8AE9206F0999}.Ad-Hoc|Any CPU.Deploy.0 = Debug|Any CPU
		{22E52CAD-B1A2-4F17-BA8C-8AE9206F0999}.Ad-Hoc|iPhone.ActiveCfg = Debug|Any CPU
		{22E52CAD-B1A2-4F17-BA8C-8AE9206F0999}.Ad-Hoc|iPhone.Build.0 = Debug|Any CPU
		{22E52CAD-B1A2-4F17-BA8C-8AE9206F0999}.Ad-Hoc|iPhone.Deploy.0 = Debug|Any CPU
		{22E52CAD-B1A2-4F17-BA8C-8AE9206F0999}.Ad-Hoc|iPhoneSimulator.ActiveCfg = Debug|Any CPU
		{22E52CAD-B1A2-4F17-BA8C-8AE9206F0999}.Ad-Hoc|iPhoneSimulator.Build.0 = Debug|Any CPU
		{22E52CAD-B1A2-4F17-BA8C-8AE9206F0999}.Ad-Hoc|iPhoneSimulator.Deploy.0 = Debug|Any CPU
		{22E52CAD-B1A2-4F17-BA8C-8AE9206F0999}.AppStore|Any CPU.ActiveCfg = Debug|Any CPU
		{22E52CAD-B1A2-4F17-BA8C-8AE9206F0999}.AppStore|Any CPU.Build.0 = Debug|Any CPU
		{22E52CAD-B1A2-4F17-BA8C-8AE9206F0999}.AppStore|Any CPU.Deploy.0 = Debug|Any CPU
		{22E52CAD-B1A2-4F17-BA8C-8AE9206F0999}.AppStore|iPhone.ActiveCfg = Debug|Any CPU
		{22E52CAD-B1A2-4F17-BA8C-8AE9206F0999}.AppStore|iPhone.Build.0 = Debug|Any CPU
		{22E52CAD-B1A2-4F17-BA8C-8AE9206F0999}.AppStore|iPhone.Deploy.0 = Debug|Any CPU
		{22E52CAD-B1A2-4F17-BA8C-8AE9206F0999}.AppStore|iPhoneSimulator.ActiveCfg = Debug|Any CPU
		{22E52CAD-B1A2-4F17-BA8C-8AE9206F0999}.AppStore|iPhoneSimulator.Build.0 = Debug|Any CPU
		{22E52CAD-B1A2-4F17-BA8C-8AE9206F0999}.AppStore|iPhoneSimulator.Deploy.0 = Debug|Any CPU
		{22E52CAD-B1A2-4F17-BA8C-8AE9206F0999}.Debug|Any CPU.ActiveCfg = Debug|Any CPU
		{22E52CAD-B1A2-4F17-BA8C-8AE9206F0999}.Debug|Any CPU.Build.0 = Debug|Any CPU
		{22E52CAD-B1A2-4F17-BA8C-8AE9206F0999}.Debug|Any CPU.Deploy.0 = Debug|Any CPU
		{22E52CAD-B1A2-4F17-BA8C-8AE9206F0999}.Debug|iPhone.ActiveCfg = Debug|Any CPU
		{22E52CAD-B1A2-4F17-BA8C-8AE9206F0999}.Debug|iPhone.Build.0 = Debug|Any CPU
		{22E52CAD-B1A2-4F17-BA8C-8AE9206F0999}.Debug|iPhone.Deploy.0 = Debug|Any CPU
		{22E52CAD-B1A2-4F17-BA8C-8AE9206F0999}.Debug|iPhoneSimulator.ActiveCfg = Debug|Any CPU
		{22E52CAD-B1A2-4F17-BA8C-8AE9206F0999}.Debug|iPhoneSimulator.Build.0 = Debug|Any CPU
		{22E52CAD-B1A2-4F17-BA8C-8AE9206F0999}.Debug|iPhoneSimulator.Deploy.0 = Debug|Any CPU
		{22E52CAD-B1A2-4F17-BA8C-8AE9206F0999}.Release|Any CPU.ActiveCfg = Release|Any CPU
		{22E52CAD-B1A2-4F17-BA8C-8AE9206F0999}.Release|Any CPU.Build.0 = Release|Any CPU
		{22E52CAD-B1A2-4F17-BA8C-8AE9206F0999}.Release|Any CPU.Deploy.0 = Release|Any CPU
		{22E52CAD-B1A2-4F17-BA8C-8AE9206F0999}.Release|iPhone.ActiveCfg = Release|Any CPU
		{22E52CAD-B1A2-4F17-BA8C-8AE9206F0999}.Release|iPhone.Build.0 = Release|Any CPU
		{22E52CAD-B1A2-4F17-BA8C-8AE9206F0999}.Release|iPhone.Deploy.0 = Release|Any CPU
		{22E52CAD-B1A2-4F17-BA8C-8AE9206F0999}.Release|iPhoneSimulator.ActiveCfg = Release|Any CPU
		{22E52CAD-B1A2-4F17-BA8C-8AE9206F0999}.Release|iPhoneSimulator.Build.0 = Release|Any CPU
		{22E52CAD-B1A2-4F17-BA8C-8AE9206F0999}.Release|iPhoneSimulator.Deploy.0 = Release|Any CPU
	EndGlobalSection
	GlobalSection(SolutionProperties) = preSolution
		HideSolutionNode = FALSE
	EndGlobalSection
	GlobalSection(ExtensibilityGlobals) = postSolution
		SolutionGuid = {CAF9CF80-58A7-4E27-B924-4B79183CA274}
	EndGlobalSection
EndGlobal
